{
  "name": "success",
  "version": "1.0.0",
  "lockfileVersion": 2,
  "requires": true,
  "packages": {
    "": {
      "dependencies": {
        "@anatine/zod-openapi": "^1.2.1",
        "zod": "^3.11.6"
      }
    },
    "node_modules/@anatine/zod-openapi": {
      "version": "1.2.1",
      "resolved": "https://registry.npmjs.org/@anatine/zod-openapi/-/zod-openapi-1.2.1.tgz",
      "integrity": "sha512-tTDkxHSOqpUXAQZBDuue4VQ3jm3A2D5Wbcm6PxQ3DDwQ8hppThh29F0AtaUQ1MqQ/Gzw8dkorAWXAzYbRHoAzg==",
      "dependencies": {
        "ts-deepmerge": "^1.1.0",
        "validator": "^13.7.0"
      },
      "peerDependencies": {
        "openapi3-ts": "^2.0.1",
        "zod": "^3.11.6"
      }
    },
    "node_modules/openapi3-ts": {
      "version": "2.0.1",
      "resolved": "https://registry.npmjs.org/openapi3-ts/-/openapi3-ts-2.0.1.tgz",
      "integrity": "sha512-v6X3iwddhi276siej96jHGIqTx3wzVfMTmpGJEQDt7GPI7pI6sywItURLzpEci21SBRpPN/aOWSF5mVfFVNmcg==",
      "peer": true,
      "dependencies": {
        "yaml": "^1.10.0"
      }
    },
    "node_modules/ts-deepmerge": {
      "version": "1.1.0",
      "resolved": "https://registry.npmjs.org/ts-deepmerge/-/ts-deepmerge-1.1.0.tgz",
      "integrity": "sha512-VvwaV/6RyYMwT9d8dClmfHIsG2PCdm6WY430QKOIbPRR50Y/1Q2ilp4i2XEZeHFcNqfaYnAQzpyUC6XA0AqqBg=="
    },
    "node_modules/validator": {
      "version": "13.7.0",
      "resolved": "https://registry.npmjs.org/validator/-/validator-13.7.0.tgz",
      "integrity": "sha512-nYXQLCBkpJ8X6ltALua9dRrZDHVYxjJ1wgskNt1lH9fzGjs3tgojGSCBjmEPwkWS1y29+DrizMTW19Pr9uB2nw==",
      "engines": {
        "node": ">= 0.10"
      }
    },
    "node_modules/yaml": {
      "version": "1.10.2",
      "resolved": "https://registry.npmjs.org/yaml/-/yaml-1.10.2.tgz",
      "integrity": "sha512-r3vXyErRCYJ7wg28yvBY5VSoAF8ZvlcW9/BwUzEtUsjvX/DKs24dIkuwjtuprwJJHsbyUbLApepYTR1BN4uHrg==",
      "peer": true,
      "engines": {
        "node": ">= 6"
      }
    },
    "node_modules/zod": {
      "version": "3.11.6",
      "resolved": "https://registry.npmjs.org/zod/-/zod-3.11.6.tgz",
      "integrity": "sha512-daZ80A81I3/9lIydI44motWe6n59kRBfNzTuS2bfzVh1nAXi667TOTWWtatxyG+fwgNUiagSj/CWZwRRbevJIg==",
      "funding": {
        "url": "https://github.com/sponsors/colinhacks"
      }
    }
  },
  "dependencies": {
    "@anatine/zod-openapi": {
      "version": "1.2.1",
      "resolved": "https://registry.npmjs.org/@anatine/zod-openapi/-/zod-openapi-1.2.1.tgz",
      "integrity": "sha512-tTDkxHSOqpUXAQZBDuue4VQ3jm3A2D5Wbcm6PxQ3DDwQ8hppThh29F0AtaUQ1MqQ/Gzw8dkorAWXAzYbRHoAzg==",
      "requires": {
        "ts-deepmerge": "^1.1.0",
        "validator": "^13.7.0"
      }
    },
    "openapi3-ts": {
      "version": "2.0.1",
      "resolved": "https://registry.npmjs.org/openapi3-ts/-/openapi3-ts-2.0.1.tgz",
      "integrity": "sha512-v6X3iwddhi276siej96jHGIqTx3wzVfMTmpGJEQDt7GPI7pI6sywItURLzpEci21SBRpPN/aOWSF5mVfFVNmcg==",
      "peer": true,
      "requires": {
        "yaml": "^1.10.0"
      }
    },
    "ts-deepmerge": {
      "version": "1.1.0",
      "resolved": "https://registry.npmjs.org/ts-deepmerge/-/ts-deepmerge-1.1.0.tgz",
      "integrity": "sha512-VvwaV/6RyYMwT9d8dClmfHIsG2PCdm6WY430QKOIbPRR50Y/1Q2ilp4i2XEZeHFcNqfaYnAQzpyUC6XA0AqqBg=="
    },
    "validator": {
      "version": "13.7.0",
      "resolved": "https://registry.npmjs.org/validator/-/validator-13.7.0.tgz",
      "integrity": "sha512-nYXQLCBkpJ8X6ltALua9dRrZDHVYxjJ1wgskNt1lH9fzGjs3tgojGSCBjmEPwkWS1y29+DrizMTW19Pr9uB2nw=="
    },
    "yaml": {
      "version": "1.10.2",
      "resolved": "https://registry.npmjs.org/yaml/-/yaml-1.10.2.tgz",
      "integrity": "sha512-r3vXyErRCYJ7wg28yvBY5VSoAF8ZvlcW9/BwUzEtUsjvX/DKs24dIkuwjtuprwJJHsbyUbLApepYTR1BN4uHrg==",
      "peer": true
    },
    "zod": {
      "version": "3.11.6",
      "resolved": "https://registry.npmjs.org/zod/-/zod-3.11.6.tgz",
      "integrity": "sha512-daZ80A81I3/9lIydI44motWe6n59kRBfNzTuS2bfzVh1nAXi667TOTWWtatxyG+fwgNUiagSj/CWZwRRbevJIg=="
    }
  }
}
